
Microsoft Visual Studio Solution File, Format Version 12.00
# Visual Studio Version 16
VisualStudioVersion = 16.0.29920.165
MinimumVisualStudioVersion = 10.0.40219.1
Project("{FAE04EC0-301F-11D3-BF4B-00C04F79EFBC}") = "MakeStack", "MakeStack.csproj", "{AE004F82-CDBD-4FFA-9A77-F93EB6665D40}"
EndProject
Global
	GlobalSection(SolutionConfigurationPlatforms) = preSolution
		Debug|Any CPU = Debug|Any CPU
		Release|Any CPU = Release|Any CPU
	EndGlobalSection
	GlobalSection(ProjectConfigurationPlatforms) = postSolution
		{AE004F82-CDBD-4FFA-9A77-F93EB6665D40}.Debug|Any CPU.ActiveCfg = Debug|Any CPU
		{AE004F82-CDBD-4FFA-9A77-F93EB6665D40}.Debug|Any CPU.Build.0 = Debug|Any CPU
		{AE004F82-CDBD-4FFA-9A77-F93EB6665D40}.Release|Any CPU.ActiveCfg = Release|Any CPU
		{AE004F82-CDBD-4FFA-9A77-F93EB6665D40}.Release|Any CPU.Build.0 = Release|Any CPU
	EndGlobalSection
	GlobalSection(SolutionProperties) = preSolution
		HideSolutionNode = FALSE
	EndGlobalSection
	GlobalSection(ExtensibilityGlobals) = postSolution
		SolutionGuid = {CA200D1B-EBFF-4215-86CF-B63C94B24AAC}
	EndGlobalSection
EndGlobal
